
Microsoft Visual Studio Solution File, Format Version 12.00
# Visual Studio Version 16
VisualStudioVersion = 16.0.31402.337
MinimumVisualStudioVersion = 10.0.40219.1
Project("{FAE04EC0-301F-11D3-BF4B-00C04F79EFBC}") = "SchoolMngmnt", "SchoolMngmnt\SchoolMngmnt.csproj", "{7844AB93-3B77-41A2-B366-F20E4F670999}"
EndProject
Global
	GlobalSection(SolutionConfigurationPlatforms) = preSolution
		Debug|Any CPU = Debug|Any CPU
		Release|Any CPU = Release|Any CPU
	EndGlobalSection
	GlobalSection(ProjectConfigurationPlatforms) = postSolution
		{7844AB93-3B77-41A2-B366-F20E4F670999}.Debug|Any CPU.ActiveCfg = Debug|Any CPU
		{7844AB93-3B77-41A2-B366-F20E4F670999}.Debug|Any CPU.Build.0 = Debug|Any CPU
		{7844AB93-3B77-41A2-B366-F20E4F670999}.Release|Any CPU.ActiveCfg = Release|Any CPU
		{7844AB93-3B77-41A2-B366-F20E4F670999}.Release|Any CPU.Build.0 = Release|Any CPU
	EndGlobalSection
	GlobalSection(SolutionProperties) = preSolution
		HideSolutionNode = FALSE
	EndGlobalSection
	GlobalSection(ExtensibilityGlobals) = postSolution
		SolutionGuid = {3EBDBBF9-310A-4CF2-8FAC-7C4F87337DEB}
	EndGlobalSection
EndGlobal
